<?xml version="1.0" encoding="utf-8"?>
<Project ToolsVersion="4.0" xmlns="http://schemas.microsoft.com/developer/msbuild/2003">
  <ItemGroup>
    <Filter Include="Source Files">
      <UniqueIdentifier>{4FC737F1-C7A5-4376-A066-2A32D752A2FF}</UniqueIdentifier>
      <Extensions>cpp;c;cc;cxx;c++;cppm;ixx;def;odl;idl;hpj;bat;asm;asmx</Extensions>
    </Filter>
    <Filter Include="Header Files">
      <UniqueIdentifier>{93995380-89BD-4b04-88EB-625FBE52EBFB}</UniqueIdentifier>
      <Extensions>h;hh;hpp;hxx;h++;hm;inl;inc;ipp;xsd</Extensions>
    </Filter>
    <Filter Include="Resource Files">
      <UniqueIdentifier>{67DA6AB6-F800-4c08-8B7A-83BB121AAD01}</UniqueIdentifier>
      <Extensions>rc;ico;cur;bmp;dlg;rc2;rct;bin;rgs;gif;jpg;jpeg;jpe;resx;tiff;tif;png;wav;mfcribbon-ms</Extensions>
    </Filter>
  </ItemGroup>
  <ItemGroup>
    <ClCompile Include="Main.cpp">
      <Filter>Source Files</Filter>
    </ClCompile>
    <ClCompile Include="Vendor\glad\glad.c">
      <Filter>Source Files</Filter>
    </ClCompile>
    <ClCompile Include="Examples\HelloTriangle.cpp">
      <Filter>Source Files</Filter>
    </ClCompile>
    <ClCompile Include="Src\GL\GLContext.cpp">
      <Filter>Source Files</Filter>
    </ClCompile>
    <ClCompile Include="Vendor\ImGui\imgui.cpp">
      <Filter>Source Files</Filter>
    </ClCompile>
    <ClCompile Include="Vendor\ImGui\imgui_demo.cpp">
      <Filter>Source Files</Filter>
    </ClCompile>
    <ClCompile Include="Vendor\ImGui\imgui_draw.cpp">
      <Filter>Source Files</Filter>
    </ClCompile>
    <ClCompile Include="Vendor\ImGui\imgui_impl_glfw.cpp">
      <Filter>Source Files</Filter>
    </ClCompile>
    <ClCompile Include="Vendor\ImGui\imgui_impl_opengl3.cpp">
      <Filter>Source Files</Filter>
    </ClCompile>
    <ClCompile Include="Vendor\ImGui\imgui_tables.cpp">
      <Filter>Source Files</Filter>
    </ClCompile>
    <ClCompile Include="Vendor\ImGui\imgui_widgets.cpp">
      <Filter>Source Files</Filter>
    </ClCompile>
    <ClCompile Include="Src\GUI\ImGuiWrapper.cpp">
      <Filter>Source Files</Filter>
    </ClCompile>
    <ClCompile Include="Src\GL\Shader.cpp">
      <Filter>Source Files</Filter>
    </ClCompile>
    <ClCompile Include="Src\GL\VertexArray.cpp">
      <Filter>Source Files</Filter>
    </ClCompile>
    <ClCompile Include="Src\GL\VertexBuffer.cpp">
      <Filter>Source Files</Filter>
    </ClCompile>
    <ClCompile Include="Src\GL\ElementBuffer.cpp">
      <Filter>Source Files</Filter>
    </ClCompile>
    <ClCompile Include="Src\GL\Camera.cpp">
      <Filter>Source Files</Filter>
    </ClCompile>
    <ClCompile Include="Vendor\stb_image\stb_image.cpp">
      <Filter>Source Files</Filter>
    </ClCompile>
    <ClCompile Include="Src\GL\Texture.cpp">
      <Filter>Source Files</Filter>
    </ClCompile>
    <ClCompile Include="Src\GL\Renderable\RenderableCube.cpp">
      <Filter>Source Files</Filter>
    </ClCompile>
    <ClCompile Include="Src\GL\ResourceManager.cpp">
      <Filter>Source Files</Filter>
    </ClCompile>
    <ClCompile Include="Vendor\fmt\fmt.cc">
      <Filter>Source Files</Filter>
    </ClCompile>
    <ClCompile Include="Vendor\fmt\format.cc">
      <Filter>Source Files</Filter>
    </ClCompile>
    <ClCompile Include="Vendor\fmt\os.cc">
      <Filter>Source Files</Filter>
    </ClCompile>
  </ItemGroup>
  <ItemGroup>
    <ClInclude Include="Examples\HelloTriangle.hpp">
      <Filter>Header Files</Filter>
    </ClInclude>
    <ClInclude Include="Src\GL\GLContext.h">
      <Filter>Header Files</Filter>
    </ClInclude>
    <ClInclude Include="Vendor\ImGui\imconfig.h">
      <Filter>Header Files</Filter>
    </ClInclude>
    <ClInclude Include="Vendor\ImGui\imgui.h">
      <Filter>Header Files</Filter>
    </ClInclude>
    <ClInclude Include="Vendor\ImGui\imgui_impl_glfw.h">
      <Filter>Header Files</Filter>
    </ClInclude>
    <ClInclude Include="Vendor\ImGui\imgui_impl_opengl3.h">
      <Filter>Header Files</Filter>
    </ClInclude>
    <ClInclude Include="Vendor\ImGui\imgui_impl_opengl3_loader.h">
      <Filter>Header Files</Filter>
    </ClInclude>
    <ClInclude Include="Vendor\ImGui\imgui_internal.h">
      <Filter>Header Files</Filter>
    </ClInclude>
    <ClInclude Include="Vendor\ImGui\imstb_rectpack.h">
      <Filter>Header Files</Filter>
    </ClInclude>
    <ClInclude Include="Vendor\ImGui\imstb_textedit.h">
      <Filter>Header Files</Filter>
    </ClInclude>
    <ClInclude Include="Vendor\ImGui\imstb_truetype.h">
      <Filter>Header Files</Filter>
    </ClInclude>
    <ClInclude Include="Src\GUI\ImGuiWrapper.h">
      <Filter>Header Files</Filter>
    </ClInclude>
    <ClInclude Include="Src\GL\Shader.h">
      <Filter>Header Files</Filter>
    </ClInclude>
    <ClInclude Include="Src\GL\VertexArray.h">
      <Filter>Header Files</Filter>
    </ClInclude>
    <ClInclude Include="Src\GL\VertexBuffer.h">
      <Filter>Header Files</Filter>
    </ClInclude>
    <ClInclude Include="Src\GL\ElementBuffer.h">
      <Filter>Header Files</Filter>
    </ClInclude>
    <ClInclude Include="Src\GL\Camera.h">
      <Filter>Header Files</Filter>
    </ClInclude>
    <ClInclude Include="Vendor\stb_image\stb_image.h">
      <Filter>Header Files</Filter>
    </ClInclude>
    <ClInclude Include="Src\GL\Texture.h">
      <Filter>Header Files</Filter>
    </ClInclude>
    <ClInclude Include="Src\GL\Renderable\RenderableObject.h">
      <Filter>Header Files</Filter>
    </ClInclude>
    <ClInclude Include="Src\GL\Renderable\RenderableCube.h">
      <Filter>Header Files</Filter>
    </ClInclude>
    <ClInclude Include="Src\GL\VerticeStructs.h">
      <Filter>Header Files</Filter>
    </ClInclude>
    <ClInclude Include="Src\GL\ResourceManager.h">
      <Filter>Header Files</Filter>
    </ClInclude>
    <ClInclude Include="Vendor\fmt\args.h">
      <Filter>Header Files</Filter>
    </ClInclude>
    <ClInclude Include="Vendor\fmt\chrono.h">
      <Filter>Header Files</Filter>
    </ClInclude>
    <ClInclude Include="Vendor\fmt\color.h">
      <Filter>Header Files</Filter>
    </ClInclude>
    <ClInclude Include="Vendor\fmt\compile.h">
      <Filter>Header Files</Filter>
    </ClInclude>
    <ClInclude Include="Vendor\fmt\core.h">
      <Filter>Header Files</Filter>
    </ClInclude>
    <ClInclude Include="Vendor\fmt\format.h">
      <Filter>Header Files</Filter>
    </ClInclude>
    <ClInclude Include="Vendor\fmt\format-inl.h">
      <Filter>Header Files</Filter>
    </ClInclude>
    <ClInclude Include="Vendor\fmt\locale.h">
      <Filter>Header Files</Filter>
    </ClInclude>
    <ClInclude Include="Vendor\fmt\os.h">
      <Filter>Header Files</Filter>
    </ClInclude>
    <ClInclude Include="Vendor\fmt\ostream.h">
      <Filter>Header Files</Filter>
    </ClInclude>
    <ClInclude Include="Vendor\fmt\printf.h">
      <Filter>Header Files</Filter>
    </ClInclude>
    <ClInclude Include="Vendor\fmt\ranges.h">
      <Filter>Header Files</Filter>
    </ClInclude>
    <ClInclude Include="Vendor\fmt\xchar.h">
      <Filter>Header Files</Filter>
    </ClInclude>
  </ItemGroup>
  <ItemGroup>
    <None Include="Resources\Shaders\BasicColor.shader" />
    <None Include="Resources\Shaders\BasicTexture.shader" />
  </ItemGroup>
  <ItemGroup>
    <Image Include="Resources\Textures\smiley.png">
      <Filter>Resource Files</Filter>
    </Image>
    <Image Include="Resources\Textures\wall.jpg">
      <Filter>Resource Files</Filter>
    </Image>
  </ItemGroup>
</Project>